
Microsoft Visual Studio Solution File, Format Version 12.00
# Visual Studio Version 16
VisualStudioVersion = 16.0.30413.136
MinimumVisualStudioVersion = 10.0.40219.1
Project("{FAE04EC0-301F-11D3-BF4B-00C04F79EFBC}") = "XEssentials.Android", "XEssentials\XEssentials.Android\XEssentials.Android.csproj", "{B8933F6A-F142-4C8C-9F20-6DF33E0A001A}"
EndProject
Project("{FAE04EC0-301F-11D3-BF4B-00C04F79EFBC}") = "XEssentials.iOS", "XEssentials\XEssentials.iOS\XEssentials.iOS.csproj", "{4AB4BC7A-A643-4D84-B437-B65AFA32A8E9}"
EndProject
Project("{FAE04EC0-301F-11D3-BF4B-00C04F79EFBC}") = "XEssentials", "XEssentials\XEssentials\XEssentials.csproj", "{4B56FC34-7E00-411B-8691-961B7CF285E5}"
EndProject
Global
	GlobalSection(SolutionConfigurationPlatforms) = preSolution
		Debug|Any CPU = Debug|Any CPU
		Debug|iPhone = Debug|iPhone
		Debug|iPhoneSimulator = Debug|iPhoneSimulator
		Release|Any CPU = Release|Any CPU
		Release|iPhone = Release|iPhone
		Release|iPhoneSimulator = Release|iPhoneSimulator
	EndGlobalSection
	GlobalSection(ProjectConfigurationPlatforms) = postSolution
		{B8933F6A-F142-4C8C-9F20-6DF33E0A001A}.Debug|Any CPU.ActiveCfg = Debug|Any CPU
		{B8933F6A-F142-4C8C-9F20-6DF33E0A001A}.Debug|Any CPU.Build.0 = Debug|Any CPU
		{B8933F6A-F142-4C8C-9F20-6DF33E0A001A}.Debug|Any CPU.Deploy.0 = Debug|Any CPU
		{B8933F6A-F142-4C8C-9F20-6DF33E0A001A}.Debug|iPhone.ActiveCfg = Debug|Any CPU
		{B8933F6A-F142-4C8C-9F20-6DF33E0A001A}.Debug|iPhone.Build.0 = Debug|Any CPU
		{B8933F6A-F142-4C8C-9F20-6DF33E0A001A}.Debug|iPhone.Deploy.0 = Debug|Any CPU
		{B8933F6A-F142-4C8C-9F20-6DF33E0A001A}.Debug|iPhoneSimulator.ActiveCfg = Debug|Any CPU
		{B8933F6A-F142-4C8C-9F20-6DF33E0A001A}.Debug|iPhoneSimulator.Build.0 = Debug|Any CPU
		{B8933F6A-F142-4C8C-9F20-6DF33E0A001A}.Debug|iPhoneSimulator.Deploy.0 = Debug|Any CPU
		{B8933F6A-F142-4C8C-9F20-6DF33E0A001A}.Release|Any CPU.ActiveCfg = Release|Any CPU
		{B8933F6A-F142-4C8C-9F20-6DF33E0A001A}.Release|Any CPU.Build.0 = Release|Any CPU
		{B8933F6A-F142-4C8C-9F20-6DF33E0A001A}.Release|Any CPU.Deploy.0 = Release|Any CPU
		{B8933F6A-F142-4C8C-9F20-6DF33E0A001A}.Release|iPhone.ActiveCfg = Release|Any CPU
		{B8933F6A-F142-4C8C-9F20-6DF33E0A001A}.Release|iPhone.Build.0 = Release|Any CPU
		{B8933F6A-F142-4C8C-9F20-6DF33E0A001A}.Release|iPhone.Deploy.0 = Release|Any CPU
		{B8933F6A-F142-4C8C-9F20-6DF33E0A001A}.Release|iPhoneSimulator.ActiveCfg = Release|Any CPU
		{B8933F6A-F142-4C8C-9F20-6DF33E0A001A}.Release|iPhoneSimulator.Build.0 = Release|Any CPU
		{B8933F6A-F142-4C8C-9F20-6DF33E0A001A}.Release|iPhoneSimulator.Deploy.0 = Release|Any CPU
		{4AB4BC7A-A643-4D84-B437-B65AFA32A8E9}.Debug|Any CPU.ActiveCfg = Debug|iPhone
		{4AB4BC7A-A643-4D84-B437-B65AFA32A8E9}.Debug|Any CPU.Build.0 = Debug|iPhone
		{4AB4BC7A-A643-4D84-B437-B65AFA32A8E9}.Debug|Any CPU.Deploy.0 = Debug|iPhone
		{4AB4BC7A-A643-4D84-B437-B65AFA32A8E9}.Debug|iPhone.ActiveCfg = Debug|iPhone
		{4AB4BC7A-A643-4D84-B437-B65AFA32A8E9}.Debug|iPhone.Build.0 = Debug|iPhone
		{4AB4BC7A-A643-4D84-B437-B65AFA32A8E9}.Debug|iPhone.Deploy.0 = Debug|iPhone
		{4AB4BC7A-A643-4D84-B437-B65AFA32A8E9}.Debug|iPhoneSimulator.ActiveCfg = Debug|iPhoneSimulator
		{4AB4BC7A-A643-4D84-B437-B65AFA32A8E9}.Debug|iPhoneSimulator.Build.0 = Debug|iPhoneSimulator
		{4AB4BC7A-A643-4D84-B437-B65AFA32A8E9}.Debug|iPhoneSimulator.Deploy.0 = Debug|iPhoneSimulator
		{4AB4BC7A-A643-4D84-B437-B65AFA32A8E9}.Release|Any CPU.ActiveCfg = Release|iPhone
		{4AB4BC7A-A643-4D84-B437-B65AFA32A8E9}.Release|Any CPU.Build.0 = Release|iPhone
		{4AB4BC7A-A643-4D84-B437-B65AFA32A8E9}.Release|Any CPU.Deploy.0 = Release|iPhone
		{4AB4BC7A-A643-4D84-B437-B65AFA32A8E9}.Release|iPhone.ActiveCfg = Release|iPhone
		{4AB4BC7A-A643-4D84-B437-B65AFA32A8E9}.Release|iPhone.Build.0 = Release|iPhone
		{4AB4BC7A-A643-4D84-B437-B65AFA32A8E9}.Release|iPhone.Deploy.0 = Release|iPhone
		{4AB4BC7A-A643-4D84-B437-B65AFA32A8E9}.Release|iPhoneSimulator.ActiveCfg = Release|iPhoneSimulator
		{4AB4BC7A-A643-4D84-B437-B65AFA32A8E9}.Release|iPhoneSimulator.Build.0 = Release|iPhoneSimulator
		{4AB4BC7A-A643-4D84-B437-B65AFA32A8E9}.Release|iPhoneSimulator.Deploy.0 = Release|iPhoneSimulator
		{4B56FC34-7E00-411B-8691-961B7CF285E5}.Debug|Any CPU.ActiveCfg = Debug|Any CPU
		{4B56FC34-7E00-411B-8691-961B7CF285E5}.Debug|Any CPU.Build.0 = Debug|Any CPU
		{4B56FC34-7E00-411B-8691-961B7CF285E5}.Debug|Any CPU.Deploy.0 = Debug|Any CPU
		{4B56FC34-7E00-411B-8691-961B7CF285E5}.Debug|iPhone.ActiveCfg = Debug|Any CPU
		{4B56FC34-7E00-411B-8691-961B7CF285E5}.Debug|iPhone.Build.0 = Debug|Any CPU
		{4B56FC34-7E00-411B-8691-961B7CF285E5}.Debug|iPhone.Deploy.0 = Debug|Any CPU
		{4B56FC34-7E00-411B-8691-961B7CF285E5}.Debug|iPhoneSimulator.ActiveCfg = Debug|Any CPU
		{4B56FC34-7E00-411B-8691-961B7CF285E5}.Debug|iPhoneSimulator.Build.0 = Debug|Any CPU
		{4B56FC34-7E00-411B-8691-961B7CF285E5}.Debug|iPhoneSimulator.Deploy.0 = Debug|Any CPU
		{4B56FC34-7E00-411B-8691-961B7CF285E5}.Release|Any CPU.ActiveCfg = Release|Any CPU
		{4B56FC34-7E00-411B-8691-961B7CF285E5}.Release|Any CPU.Build.0 = Release|Any CPU
		{4B56FC34-7E00-411B-8691-961B7CF285E5}.Release|Any CPU.Deploy.0 = Release|Any CPU
		{4B56FC34-7E00-411B-8691-961B7CF285E5}.Release|iPhone.ActiveCfg = Release|Any CPU
		{4B56FC34-7E00-411B-8691-961B7CF285E5}.Release|iPhone.Build.0 = Release|Any CPU
		{4B56FC34-7E00-411B-8691-961B7CF285E5}.Release|iPhone.Deploy.0 = Release|Any CPU
		{4B56FC34-7E00-411B-8691-961B7CF285E5}.Release|iPhoneSimulator.ActiveCfg = Release|Any CPU
		{4B56FC34-7E00-411B-8691-961B7CF285E5}.Release|iPhoneSimulator.Build.0 = Release|Any CPU
		{4B56FC34-7E00-411B-8691-961B7CF285E5}.Release|iPhoneSimulator.Deploy.0 = Release|Any CPU
	EndGlobalSection
	GlobalSection(SolutionProperties) = preSolution
		HideSolutionNode = FALSE
	EndGlobalSection
	GlobalSection(ExtensibilityGlobals) = postSolution
		SolutionGuid = {9A9D6BA7-FC39-45B6-8CF1-3034DADA4A43}
	EndGlobalSection
EndGlobal
